dependencies:
  espressif/json_generator:
    component_hash: 45033e1c199b13f1c8c1b544fb7d4e2df6a8e3071ebdcb1b22582b61a7974ff2
    dependencies: []
    source:
      registry_url: https://components.espressif.com/
      type: service
    version: 1.1.2
  idf:
    source:
      type: idf
    version: 5.3.1
direct_dependencies:
- espressif/json_generator
- idf
manifest_hash: 438ed4006ad63fff6a66bebc78c05f80e2e63242ff9447be2bffc326e4664b55
target: esp32s3
version: 2.0.0
